
Microsoft Visual Studio Solution File, Format Version 12.00
# Visual Studio 15
VisualStudioVersion = 15.0.27130.2036
MinimumVisualStudioVersion = 10.0.40219.1
Project("{9A19103F-16F7-4668-BE54-9A1E7A4F7556}") = "Razorback", "src\Razorback\Razorback.csproj", "{8404CCCC-29B2-459B-94BE-2B20F82A6F05}"
EndProject
Project("{9A19103F-16F7-4668-BE54-9A1E7A4F7556}") = "RazorbackSample.AspNetCore", "samples\RazorbackSample\RazorbackSample.AspNetCore.csproj", "{C716C7E0-D565-4910-A2E4-657AC793F9F5}"
EndProject
Global
	GlobalSection(SolutionConfigurationPlatforms) = preSolution
		Debug|Any CPU = Debug|Any CPU
		Release|Any CPU = Release|Any CPU
	EndGlobalSection
	GlobalSection(ProjectConfigurationPlatforms) = postSolution
		{8404CCCC-29B2-459B-94BE-2B20F82A6F05}.Debug|Any CPU.ActiveCfg = Debug|Any CPU
		{8404CCCC-29B2-459B-94BE-2B20F82A6F05}.Debug|Any CPU.Build.0 = Debug|Any CPU
		{8404CCCC-29B2-459B-94BE-2B20F82A6F05}.Release|Any CPU.ActiveCfg = Release|Any CPU
		{8404CCCC-29B2-459B-94BE-2B20F82A6F05}.Release|Any CPU.Build.0 = Release|Any CPU
		{C716C7E0-D565-4910-A2E4-657AC793F9F5}.Debug|Any CPU.ActiveCfg = Debug|Any CPU
		{C716C7E0-D565-4910-A2E4-657AC793F9F5}.Debug|Any CPU.Build.0 = Debug|Any CPU
		{C716C7E0-D565-4910-A2E4-657AC793F9F5}.Release|Any CPU.ActiveCfg = Release|Any CPU
		{C716C7E0-D565-4910-A2E4-657AC793F9F5}.Release|Any CPU.Build.0 = Release|Any CPU
	EndGlobalSection
	GlobalSection(SolutionProperties) = preSolution
		HideSolutionNode = FALSE
	EndGlobalSection
	GlobalSection(ExtensibilityGlobals) = postSolution
		SolutionGuid = {F512E4AE-58BB-41E9-BA5A-B5EE4D191621}
	EndGlobalSection
EndGlobal
